
Microsoft Visual Studio Solution File, Format Version 12.00
# Visual Studio Version 17
VisualStudioVersion = 17.0.31903.59
MinimumVisualStudioVersion = 10.0.40219.1
Project("{9A19103F-16F7-4668-BE54-9A1E7A4F7556}") = "StudentManagement.API", "StudentManagement.API\StudentManagement.API.csproj", "{77A73770-4B66-4666-8586-7883DD8CC8F6}"
EndProject
Project("{9A19103F-16F7-4668-BE54-9A1E7A4F7556}") = "StudentManagement.Core", "StudentManagement.Core\StudentManagement.Core.csproj", "{CD6116CF-B372-4567-8ACF-821115C9418F}"
EndProject
Project("{FAE04EC0-301F-11D3-BF4B-00C04F79EFBC}") = "StudentManagement.ConsoleApp", "StudentManagement.ConsoleApp\StudentManagement.ConsoleApp.csproj", "{CCACDDB1-9FB2-4DE0-BB25-14123662F3A8}"
EndProject
Global
	GlobalSection(SolutionConfigurationPlatforms) = preSolution
		Debug|Any CPU = Debug|Any CPU
		Release|Any CPU = Release|Any CPU
	EndGlobalSection
	GlobalSection(ProjectConfigurationPlatforms) = postSolution
		{77A73770-4B66-4666-8586-7883DD8CC8F6}.Debug|Any CPU.ActiveCfg = Debug|Any CPU
		{77A73770-4B66-4666-8586-7883DD8CC8F6}.Debug|Any CPU.Build.0 = Debug|Any CPU
		{77A73770-4B66-4666-8586-7883DD8CC8F6}.Release|Any CPU.ActiveCfg = Release|Any CPU
		{77A73770-4B66-4666-8586-7883DD8CC8F6}.Release|Any CPU.Build.0 = Release|Any CPU
		{CD6116CF-B372-4567-8ACF-821115C9418F}.Debug|Any CPU.ActiveCfg = Debug|Any CPU
		{CD6116CF-B372-4567-8ACF-821115C9418F}.Debug|Any CPU.Build.0 = Debug|Any CPU
		{CD6116CF-B372-4567-8ACF-821115C9418F}.Release|Any CPU.ActiveCfg = Release|Any CPU
		{CD6116CF-B372-4567-8ACF-821115C9418F}.Release|Any CPU.Build.0 = Release|Any CPU
		{CCACDDB1-9FB2-4DE0-BB25-14123662F3A8}.Debug|Any CPU.ActiveCfg = Debug|Any CPU
		{CCACDDB1-9FB2-4DE0-BB25-14123662F3A8}.Debug|Any CPU.Build.0 = Debug|Any CPU
		{CCACDDB1-9FB2-4DE0-BB25-14123662F3A8}.Release|Any CPU.ActiveCfg = Release|Any CPU
		{CCACDDB1-9FB2-4DE0-BB25-14123662F3A8}.Release|Any CPU.Build.0 = Release|Any CPU
	EndGlobalSection
	GlobalSection(SolutionProperties) = preSolution
		HideSolutionNode = FALSE
	EndGlobalSection
	GlobalSection(ExtensibilityGlobals) = postSolution
		SolutionGuid = {6B8CD7CD-1F2C-4B22-BE55-89C40F66322E}
	EndGlobalSection
EndGlobal
