
Microsoft Visual Studio Solution File, Format Version 12.00
# Visual Studio Version 17
VisualStudioVersion = 17.0.31903.59
MinimumVisualStudioVersion = 10.0.40219.1
Project("{2150E333-8FDC-42A3-9474-1A3956D46DE8}") = "Excercise", "Excercise", "{E51D2F61-8EFC-49C4-9370-E6729F265B02}"
EndProject
Project("{FAE04EC0-301F-11D3-BF4B-00C04F79EFBC}") = "p1DSA", "p1DSA\p1DSA.csproj", "{A5A25F7B-94B8-4626-9202-F27DA1A2C8E6}"
EndProject
Project("{FAE04EC0-301F-11D3-BF4B-00C04F79EFBC}") = "p2Files", "p2Files\p2Files.csproj", "{A89AE764-3482-41AB-8282-4C6D5270FB61}"
EndProject
Project("{FAE04EC0-301F-11D3-BF4B-00C04F79EFBC}") = "p3OOPLab1", "p3OOP\p3OOPLab1\p3OOPLab1.csproj", "{EA6823A0-70FB-4AB4-818C-8A251A3B1EE7}"
EndProject
Project("{FAE04EC0-301F-11D3-BF4B-00C04F79EFBC}") = "p3OOPLab2", "p3OOP\p3OOPLab2\p3OOPLab2.csproj", "{D22857FE-CDED-43DF-8BDA-D4E2794AD1A6}"
EndProject
Project("{FAE04EC0-301F-11D3-BF4B-00C04F79EFBC}") = "p4LinQ", "p4LinQ\p4LinQ.csproj", "{A1621442-126A-43D2-9525-74D12EEC458B}"
EndProject
Project("{FAE04EC0-301F-11D3-BF4B-00C04F79EFBC}") = "p5ADONET", "p5ADO\p5ADONET.csproj", "{42A839F9-E461-4161-A2A3-F3E9E2CB43F5}"
EndProject
Project("{2150E333-8FDC-42A3-9474-1A3956D46DE8}") = "Tests", "Tests", "{9CC6B7FD-B95B-48CB-83FE-3BE528D46EC2}"
EndProject
Project("{FAE04EC0-301F-11D3-BF4B-00C04F79EFBC}") = "p1DSATests", "Tests\p1DSATests\p1DSATests.csproj", "{0EF04A89-C2B0-4E17-9E39-6D1388F98475}"
EndProject
Project("{FAE04EC0-301F-11D3-BF4B-00C04F79EFBC}") = "p2FilesTests", "Tests\p2FilesTests\p2FilesTests.csproj", "{AC6F3602-39BB-4196-BA90-27A51E2CC58D}"
EndProject
Project("{FAE04EC0-301F-11D3-BF4B-00C04F79EFBC}") = "p4LinQTests", "Tests\p4LinQTests\p4LinQTests.csproj", "{AFAD31C3-6E24-42FE-8AD0-EBCA62F898C3}"
EndProject
Global
	GlobalSection(SolutionConfigurationPlatforms) = preSolution
		Debug|Any CPU = Debug|Any CPU
		Release|Any CPU = Release|Any CPU
	EndGlobalSection
	GlobalSection(SolutionProperties) = preSolution
		HideSolutionNode = FALSE
	EndGlobalSection
	GlobalSection(ProjectConfigurationPlatforms) = postSolution
		{A5A25F7B-94B8-4626-9202-F27DA1A2C8E6}.Debug|Any CPU.ActiveCfg = Debug|Any CPU
		{A5A25F7B-94B8-4626-9202-F27DA1A2C8E6}.Debug|Any CPU.Build.0 = Debug|Any CPU
		{A5A25F7B-94B8-4626-9202-F27DA1A2C8E6}.Release|Any CPU.ActiveCfg = Release|Any CPU
		{A5A25F7B-94B8-4626-9202-F27DA1A2C8E6}.Release|Any CPU.Build.0 = Release|Any CPU
		{A89AE764-3482-41AB-8282-4C6D5270FB61}.Debug|Any CPU.ActiveCfg = Debug|Any CPU
		{A89AE764-3482-41AB-8282-4C6D5270FB61}.Debug|Any CPU.Build.0 = Debug|Any CPU
		{A89AE764-3482-41AB-8282-4C6D5270FB61}.Release|Any CPU.ActiveCfg = Release|Any CPU
		{A89AE764-3482-41AB-8282-4C6D5270FB61}.Release|Any CPU.Build.0 = Release|Any CPU
		{EA6823A0-70FB-4AB4-818C-8A251A3B1EE7}.Debug|Any CPU.ActiveCfg = Debug|Any CPU
		{EA6823A0-70FB-4AB4-818C-8A251A3B1EE7}.Debug|Any CPU.Build.0 = Debug|Any CPU
		{EA6823A0-70FB-4AB4-818C-8A251A3B1EE7}.Release|Any CPU.ActiveCfg = Release|Any CPU
		{EA6823A0-70FB-4AB4-818C-8A251A3B1EE7}.Release|Any CPU.Build.0 = Release|Any CPU
		{D22857FE-CDED-43DF-8BDA-D4E2794AD1A6}.Debug|Any CPU.ActiveCfg = Debug|Any CPU
		{D22857FE-CDED-43DF-8BDA-D4E2794AD1A6}.Debug|Any CPU.Build.0 = Debug|Any CPU
		{D22857FE-CDED-43DF-8BDA-D4E2794AD1A6}.Release|Any CPU.ActiveCfg = Release|Any CPU
		{D22857FE-CDED-43DF-8BDA-D4E2794AD1A6}.Release|Any CPU.Build.0 = Release|Any CPU
		{A1621442-126A-43D2-9525-74D12EEC458B}.Debug|Any CPU.ActiveCfg = Debug|Any CPU
		{A1621442-126A-43D2-9525-74D12EEC458B}.Debug|Any CPU.Build.0 = Debug|Any CPU
		{A1621442-126A-43D2-9525-74D12EEC458B}.Release|Any CPU.ActiveCfg = Release|Any CPU
		{A1621442-126A-43D2-9525-74D12EEC458B}.Release|Any CPU.Build.0 = Release|Any CPU
		{42A839F9-E461-4161-A2A3-F3E9E2CB43F5}.Debug|Any CPU.ActiveCfg = Debug|Any CPU
		{42A839F9-E461-4161-A2A3-F3E9E2CB43F5}.Debug|Any CPU.Build.0 = Debug|Any CPU
		{42A839F9-E461-4161-A2A3-F3E9E2CB43F5}.Release|Any CPU.ActiveCfg = Release|Any CPU
		{42A839F9-E461-4161-A2A3-F3E9E2CB43F5}.Release|Any CPU.Build.0 = Release|Any CPU
		{0EF04A89-C2B0-4E17-9E39-6D1388F98475}.Debug|Any CPU.ActiveCfg = Debug|Any CPU
		{0EF04A89-C2B0-4E17-9E39-6D1388F98475}.Debug|Any CPU.Build.0 = Debug|Any CPU
		{0EF04A89-C2B0-4E17-9E39-6D1388F98475}.Release|Any CPU.ActiveCfg = Release|Any CPU
		{0EF04A89-C2B0-4E17-9E39-6D1388F98475}.Release|Any CPU.Build.0 = Release|Any CPU
		{AC6F3602-39BB-4196-BA90-27A51E2CC58D}.Debug|Any CPU.ActiveCfg = Debug|Any CPU
		{AC6F3602-39BB-4196-BA90-27A51E2CC58D}.Debug|Any CPU.Build.0 = Debug|Any CPU
		{AC6F3602-39BB-4196-BA90-27A51E2CC58D}.Release|Any CPU.ActiveCfg = Release|Any CPU
		{AC6F3602-39BB-4196-BA90-27A51E2CC58D}.Release|Any CPU.Build.0 = Release|Any CPU
		{AFAD31C3-6E24-42FE-8AD0-EBCA62F898C3}.Debug|Any CPU.ActiveCfg = Debug|Any CPU
		{AFAD31C3-6E24-42FE-8AD0-EBCA62F898C3}.Debug|Any CPU.Build.0 = Debug|Any CPU
		{AFAD31C3-6E24-42FE-8AD0-EBCA62F898C3}.Release|Any CPU.ActiveCfg = Release|Any CPU
		{AFAD31C3-6E24-42FE-8AD0-EBCA62F898C3}.Release|Any CPU.Build.0 = Release|Any CPU
	EndGlobalSection
	GlobalSection(NestedProjects) = preSolution
		{A5A25F7B-94B8-4626-9202-F27DA1A2C8E6} = {E51D2F61-8EFC-49C4-9370-E6729F265B02}
		{A89AE764-3482-41AB-8282-4C6D5270FB61} = {E51D2F61-8EFC-49C4-9370-E6729F265B02}
		{EA6823A0-70FB-4AB4-818C-8A251A3B1EE7} = {E51D2F61-8EFC-49C4-9370-E6729F265B02}
		{D22857FE-CDED-43DF-8BDA-D4E2794AD1A6} = {E51D2F61-8EFC-49C4-9370-E6729F265B02}
		{A1621442-126A-43D2-9525-74D12EEC458B} = {E51D2F61-8EFC-49C4-9370-E6729F265B02}
		{42A839F9-E461-4161-A2A3-F3E9E2CB43F5} = {E51D2F61-8EFC-49C4-9370-E6729F265B02}
		{0EF04A89-C2B0-4E17-9E39-6D1388F98475} = {9CC6B7FD-B95B-48CB-83FE-3BE528D46EC2}
		{AC6F3602-39BB-4196-BA90-27A51E2CC58D} = {9CC6B7FD-B95B-48CB-83FE-3BE528D46EC2}
		{AFAD31C3-6E24-42FE-8AD0-EBCA62F898C3} = {9CC6B7FD-B95B-48CB-83FE-3BE528D46EC2}
	EndGlobalSection
EndGlobal
