
Microsoft Visual Studio Solution File, Format Version 12.00
# Visual Studio Version 17
VisualStudioVersion = 17.5.33502.453
MinimumVisualStudioVersion = 10.0.40219.1
Project("{FAE04EC0-301F-11D3-BF4B-00C04F79EFBC}") = "RelationshipMapping", "RelationshipMapping\RelationshipMapping.csproj", "{F4FD16D8-A72B-49D6-8997-B29E0CC78EF7}"
EndProject
Project("{FAE04EC0-301F-11D3-BF4B-00C04F79EFBC}") = "LoadingRelatedEntity", "LoadingRelatedEntity\LoadingRelatedEntity.csproj", "{4DFED41D-ED9D-432D-9A27-C6FCE6B32B63}"
EndProject
Project("{FAE04EC0-301F-11D3-BF4B-00C04F79EFBC}") = "LazyLoading", "LazyLoading\LazyLoading.csproj", "{3A6A7DF3-088E-402E-9E58-B176ED23C6CD}"
EndProject
Global
	GlobalSection(SolutionConfigurationPlatforms) = preSolution
		Debug|Any CPU = Debug|Any CPU
		Release|Any CPU = Release|Any CPU
	EndGlobalSection
	GlobalSection(ProjectConfigurationPlatforms) = postSolution
		{F4FD16D8-A72B-49D6-8997-B29E0CC78EF7}.Debug|Any CPU.ActiveCfg = Debug|Any CPU
		{F4FD16D8-A72B-49D6-8997-B29E0CC78EF7}.Debug|Any CPU.Build.0 = Debug|Any CPU
		{F4FD16D8-A72B-49D6-8997-B29E0CC78EF7}.Release|Any CPU.ActiveCfg = Release|Any CPU
		{F4FD16D8-A72B-49D6-8997-B29E0CC78EF7}.Release|Any CPU.Build.0 = Release|Any CPU
		{4DFED41D-ED9D-432D-9A27-C6FCE6B32B63}.Debug|Any CPU.ActiveCfg = Debug|Any CPU
		{4DFED41D-ED9D-432D-9A27-C6FCE6B32B63}.Debug|Any CPU.Build.0 = Debug|Any CPU
		{4DFED41D-ED9D-432D-9A27-C6FCE6B32B63}.Release|Any CPU.ActiveCfg = Release|Any CPU
		{4DFED41D-ED9D-432D-9A27-C6FCE6B32B63}.Release|Any CPU.Build.0 = Release|Any CPU
		{3A6A7DF3-088E-402E-9E58-B176ED23C6CD}.Debug|Any CPU.ActiveCfg = Debug|Any CPU
		{3A6A7DF3-088E-402E-9E58-B176ED23C6CD}.Debug|Any CPU.Build.0 = Debug|Any CPU
		{3A6A7DF3-088E-402E-9E58-B176ED23C6CD}.Release|Any CPU.ActiveCfg = Release|Any CPU
		{3A6A7DF3-088E-402E-9E58-B176ED23C6CD}.Release|Any CPU.Build.0 = Release|Any CPU
	EndGlobalSection
	GlobalSection(SolutionProperties) = preSolution
		HideSolutionNode = FALSE
	EndGlobalSection
	GlobalSection(ExtensibilityGlobals) = postSolution
		SolutionGuid = {00FFF49F-7488-44DB-8C3E-8737192EF7B3}
	EndGlobalSection
EndGlobal
